
Microsoft Visual Studio Solution File, Format Version 12.00
# Visual Studio Version 16
VisualStudioVersion = 16.0.30104.148
MinimumVisualStudioVersion = 10.0.40219.1
Project("{FAE04EC0-301F-11D3-BF4B-00C04F79EFBC}") = "GrowbrewProxy", "GrowbrewProxy\GrowbrewProxy.csproj", "{9FFE5B38-1904-44F1-A5EB-9C5957091DA9}"
EndProject
Global
	GlobalSection(SolutionConfigurationPlatforms) = preSolution
		Debug|Any CPU = Debug|Any CPU
		Debug|x64 = Debug|x64
		Release|Any CPU = Release|Any CPU
		Release|x64 = Release|x64
	EndGlobalSection
	GlobalSection(ProjectConfigurationPlatforms) = postSolution
		{9FFE5B38-1904-44F1-A5EB-9C5957091DA9}.Debug|Any CPU.ActiveCfg = Debug|Any CPU
		{9FFE5B38-1904-44F1-A5EB-9C5957091DA9}.Debug|Any CPU.Build.0 = Debug|Any CPU
		{9FFE5B38-1904-44F1-A5EB-9C5957091DA9}.Debug|x64.ActiveCfg = Debug|x64
		{9FFE5B38-1904-44F1-A5EB-9C5957091DA9}.Debug|x64.Build.0 = Debug|x64
		{9FFE5B38-1904-44F1-A5EB-9C5957091DA9}.Release|Any CPU.ActiveCfg = Release|Any CPU
		{9FFE5B38-1904-44F1-A5EB-9C5957091DA9}.Release|Any CPU.Build.0 = Release|Any CPU
		{9FFE5B38-1904-44F1-A5EB-9C5957091DA9}.Release|x64.ActiveCfg = Release|x64
		{9FFE5B38-1904-44F1-A5EB-9C5957091DA9}.Release|x64.Build.0 = Release|x64
	EndGlobalSection
	GlobalSection(SolutionProperties) = preSolution
		HideSolutionNode = FALSE
	EndGlobalSection
	GlobalSection(ExtensibilityGlobals) = postSolution
		SolutionGuid = {4375A7EA-878E-4AE0-83AA-CBD94A4C647C}
	EndGlobalSection
EndGlobal
